{
  "name": "lecture-12-snyk-hw",
  "version": "1.0.0",
  "lockfileVersion": 3,
  "requires": true,
  "packages": {
    "": {
      "name": "lecture-12-snyk-hw",
      "version": "1.0.0",
      "license": "ISC",
      "dependencies": {
        "adm-zip": "0.2.1",
        "froala-editor": "^3.2.7",
        "lodash": "4.4.0"
      }
    },
    "node_modules/adm-zip": {
      "version": "0.2.1",
      "resolved": "https://registry.npmjs.org/adm-zip/-/adm-zip-0.2.1.tgz",
      "integrity": "sha512-J2LiZpRxcLsJm2IwoekNa6COwzEZnMwCJ3vxz0UCw2NYUH2WFi7svuDrVccq5KpBGmzGUgFa0L0FwEmKmu/rzQ==",
      "engines": {
        "node": ">=0.3.0"
      }
    },
    "node_modules/froala-editor": {
      "version": "3.2.7",
      "resolved": "https://registry.npmjs.org/froala-editor/-/froala-editor-3.2.7.tgz",
      "integrity": "sha512-/nHMuA/MYZnNx0TbrGnGJoiRuRHFN6JKtvfV6So0j3Ijwyj48s8NhU4AAzQx4ge8Jx5JmcHf5jJX4sDcJAU+CQ=="
    },
    "node_modules/lodash": {
      "version": "4.4.0",
      "resolved": "https://registry.npmjs.org/lodash/-/lodash-4.4.0.tgz",
      "integrity": "sha512-yE9fdlwq2UjPVJphtZBgIJaF7a6Y9gK5B5FCHPcZiOQ694DQ28pAN5jQTcR21g/P1O5RjpX8+nryVpRgnHrQHw=="
    }
  }
}
